// !$*UTF8*$!
{
	archiveVersion = 1;
	classes = {
	};
	objectVersion = 51;
	objects = {

/* Begin PBXBuildFile section */
		EF1A7D7B27975898002F52B6 /* AppDelegate.swift in Sources */ = {isa = PBXBuildFile; fileRef = EF1A7D7A27975898002F52B6 /* AppDelegate.swift */; };
		EF1A7D7D27975898002F52B6 /* SceneDelegate.swift in Sources */ = {isa = PBXBuildFile; fileRef = EF1A7D7C27975898002F52B6 /* SceneDelegate.swift */; };
		EF1A7D7F27975898002F52B6 /* TodoListViewController.swift in Sources */ = {isa = PBXBuildFile; fileRef = EF1A7D7E27975898002F52B6 /* TodoListViewController.swift */; };
		EF1A7D8227975898002F52B6 /* Main.storyboard in Resources */ = {isa = PBXBuildFile; fileRef = EF1A7D8027975898002F52B6 /* Main.storyboard */; };
		EF1A7D842797589B002F52B6 /* Assets.xcassets in Resources */ = {isa = PBXBuildFile; fileRef = EF1A7D832797589B002F52B6 /* Assets.xcassets */; };
		EF1A7D872797589B002F52B6 /* LaunchScreen.storyboard in Resources */ = {isa = PBXBuildFile; fileRef = EF1A7D852797589B002F52B6 /* LaunchScreen.storyboard */; };
		EF4F12A727C0237300AA55CA /* Item.swift in Sources */ = {isa = PBXBuildFile; fileRef = EF4F12A627C0237300AA55CA /* Item.swift */; };
		EF4F12AE27C031D900AA55CA /* Category.swift in Sources */ = {isa = PBXBuildFile; fileRef = EF4F12AD27C031D900AA55CA /* Category.swift */; };
		EF4F12B027C0400600AA55CA /* CategoryViewController.swift in Sources */ = {isa = PBXBuildFile; fileRef = EF4F12AF27C0400600AA55CA /* CategoryViewController.swift */; };
		F0B3654C7A24E04F5F04FA62 /* Pods_Todoeasy.framework in Frameworks */ = {isa = PBXBuildFile; fileRef = 5DDCBC8469B4F12DDE8FF726 /* Pods_Todoeasy.framework */; };
/* End PBXBuildFile section */

/* Begin PBXFileReference section */
		5DDCBC8469B4F12DDE8FF726 /* Pods_Todoeasy.framework */ = {isa = PBXFileReference; explicitFileType = wrapper.framework; includeInIndex = 0; path = Pods_Todoeasy.framework; sourceTree = BUILT_PRODUCTS_DIR; };
		AB45BF07ACE835E6928ACF07 /* Pods-Todoeasy.release.xcconfig */ = {isa = PBXFileReference; includeInIndex = 1; lastKnownFileType = text.xcconfig; name = "Pods-Todoeasy.release.xcconfig"; path = "Target Support Files/Pods-Todoeasy/Pods-Todoeasy.release.xcconfig"; sourceTree = "<group>"; };
		AB86D95A8ED5A1A19CAD3D46 /* Pods-Todoeasy.debug.xcconfig */ = {isa = PBXFileReference; includeInIndex = 1; lastKnownFileType = text.xcconfig; name = "Pods-Todoeasy.debug.xcconfig"; path = "Target Support Files/Pods-Todoeasy/Pods-Todoeasy.debug.xcconfig"; sourceTree = "<group>"; };
		EF1A7D7727975898002F52B6 /* Todoeasy.app */ = {isa = PBXFileReference; explicitFileType = wrapper.application; includeInIndex = 0; path = Todoeasy.app; sourceTree = BUILT_PRODUCTS_DIR; };
		EF1A7D7A27975898002F52B6 /* AppDelegate.swift */ = {isa = PBXFileReference; lastKnownFileType = sourcecode.swift; path = AppDelegate.swift; sourceTree = "<group>"; };
		EF1A7D7C27975898002F52B6 /* SceneDelegate.swift */ = {isa = PBXFileReference; lastKnownFileType = sourcecode.swift; path = SceneDelegate.swift; sourceTree = "<group>"; };
		EF1A7D7E27975898002F52B6 /* TodoListViewController.swift */ = {isa = PBXFileReference; lastKnownFileType = sourcecode.swift; path = TodoListViewController.swift; sourceTree = "<group>"; };
		EF1A7D8127975898002F52B6 /* Base */ = {isa = PBXFileReference; lastKnownFileType = file.storyboard; name = Base; path = Base.lproj/Main.storyboard; sourceTree = "<group>"; };
		EF1A7D832797589B002F52B6 /* Assets.xcassets */ = {isa = PBXFileReference; lastKnownFileType = folder.assetcatalog; path = Assets.xcassets; sourceTree = "<group>"; };
		EF1A7D862797589B002F52B6 /* Base */ = {isa = PBXFileReference; lastKnownFileType = file.storyboard; name = Base; path = Base.lproj/LaunchScreen.storyboard; sourceTree = "<group>"; };
		EF1A7D882797589B002F52B6 /* Info.plist */ = {isa = PBXFileReference; lastKnownFileType = text.plist.xml; path = Info.plist; sourceTree = "<group>"; };
		EF4F12A627C0237300AA55CA /* Item.swift */ = {isa = PBXFileReference; lastKnownFileType = sourcecode.swift; path = Item.swift; sourceTree = "<group>"; };
		EF4F12AD27C031D900AA55CA /* Category.swift */ = {isa = PBXFileReference; lastKnownFileType = sourcecode.swift; path = Category.swift; sourceTree = "<group>"; };
		EF4F12AF27C0400600AA55CA /* CategoryViewController.swift */ = {isa = PBXFileReference; lastKnownFileType = sourcecode.swift; path = CategoryViewController.swift; sourceTree = "<group>"; };
/* End PBXFileReference section */

/* Begin PBXFrameworksBuildPhase section */
		EF1A7D7427975898002F52B6 /* Frameworks */ = {
			isa = PBXFrameworksBuildPhase;
			buildActionMask = 2147483647;
			files = (
				F0B3654C7A24E04F5F04FA62 /* Pods_Todoeasy.framework in Frameworks */,
			);
			runOnlyForDeploymentPostprocessing = 0;
		};
/* End PBXFrameworksBuildPhase section */

/* Begin PBXGroup section */
		4A619429C5A2889BB0AEC159 /* Pods */ = {
			isa = PBXGroup;
			children = (
				AB86D95A8ED5A1A19CAD3D46 /* Pods-Todoeasy.debug.xcconfig */,
				AB45BF07ACE835E6928ACF07 /* Pods-Todoeasy.release.xcconfig */,
			);
			path = Pods;
			sourceTree = "<group>";
		};
		8FC8850EF8453B902479B69D /* Frameworks */ = {
			isa = PBXGroup;
			children = (
				5DDCBC8469B4F12DDE8FF726 /* Pods_Todoeasy.framework */,
			);
			name = Frameworks;
			sourceTree = "<group>";
		};
		EF1A7D6E27975898002F52B6 = {
			isa = PBXGroup;
			children = (
				EF1A7D7927975898002F52B6 /* Todoeasy */,
				EF1A7D7827975898002F52B6 /* Products */,
				4A619429C5A2889BB0AEC159 /* Pods */,
				8FC8850EF8453B902479B69D /* Frameworks */,
			);
			sourceTree = "<group>";
		};
		EF1A7D7827975898002F52B6 /* Products */ = {
			isa = PBXGroup;
			children = (
				EF1A7D7727975898002F52B6 /* Todoeasy.app */,
			);
			name = Products;
			sourceTree = "<group>";
		};
		EF1A7D7927975898002F52B6 /* Todoeasy */ = {
			isa = PBXGroup;
			children = (
				EF1A7D7A27975898002F52B6 /* AppDelegate.swift */,
				EF1A7D7C27975898002F52B6 /* SceneDelegate.swift */,
				EF4F12A827C0237900AA55CA /* Data Model */,
				EF4F12A527C0234400AA55CA /* View */,
				EF4F12A227C022E200AA55CA /* Controllers */,
				EF1A7D832797589B002F52B6 /* Assets.xcassets */,
				EF1A7D852797589B002F52B6 /* LaunchScreen.storyboard */,
				EF1A7D882797589B002F52B6 /* Info.plist */,
			);
			path = Todoeasy;
			sourceTree = "<group>";
		};
		EF4F12A227C022E200AA55CA /* Controllers */ = {
			isa = PBXGroup;
			children = (
				EF4F12AF27C0400600AA55CA /* CategoryViewController.swift */,
				EF1A7D7E27975898002F52B6 /* TodoListViewController.swift */,
			);
			path = Controllers;
			sourceTree = "<group>";
		};
		EF4F12A527C0234400AA55CA /* View */ = {
			isa = PBXGroup;
			children = (
				EF1A7D8027975898002F52B6 /* Main.storyboard */,
			);
			path = View;
			sourceTree = "<group>";
		};
		EF4F12A827C0237900AA55CA /* Data Model */ = {
			isa = PBXGroup;
			children = (
				EF4F12A627C0237300AA55CA /* Item.swift */,
				EF4F12AD27C031D900AA55CA /* Category.swift */,
			);
			path = "Data Model";
			sourceTree = "<group>";
		};
/* End PBXGroup section */

/* Begin PBXNativeTarget section */
		EF1A7D7627975898002F52B6 /* Todoeasy */ = {
			isa = PBXNativeTarget;
			buildConfigurationList = EF1A7D8B2797589B002F52B6 /* Build configuration list for PBXNativeTarget "Todoeasy" */;
			buildPhases = (
				DC3336ABED6B2E488D95788A /* [CP] Check Pods Manifest.lock */,
				EF1A7D7327975898002F52B6 /* Sources */,
				EF1A7D7427975898002F52B6 /* Frameworks */,
				EF1A7D7527975898002F52B6 /* Resources */,
				DC10643E820301AF2CCEF6A4 /* [CP] Embed Pods Frameworks */,
			);
			buildRules = (
			);
			dependencies = (
			);
			name = Todoeasy;
			productName = Todoeasy;
			productReference = EF1A7D7727975898002F52B6 /* Todoeasy.app */;
			productType = "com.apple.product-type.application";
		};
/* End PBXNativeTarget section */

/* Begin PBXProject section */
		EF1A7D6F27975898002F52B6 /* Project object */ = {
			isa = PBXProject;
			attributes = {
				LastSwiftUpdateCheck = 1250;
				LastUpgradeCheck = 1250;
				TargetAttributes = {
					EF1A7D7627975898002F52B6 = {
						CreatedOnToolsVersion = 12.5;
					};
				};
			};
			buildConfigurationList = EF1A7D7227975898002F52B6 /* Build configuration list for PBXProject "Todoeasy" */;
			compatibilityVersion = "Xcode 9.3";
			developmentRegion = en;
			hasScannedForEncodings = 0;
			knownRegions = (
				en,
				Base,
			);
			mainGroup = EF1A7D6E27975898002F52B6;
			productRefGroup = EF1A7D7827975898002F52B6 /* Products */;
			projectDirPath = "";
			projectRoot = "";
			targets = (
				EF1A7D7627975898002F52B6 /* Todoeasy */,
			);
		};
/* End PBXProject section */

/* Begin PBXResourcesBuildPhase section */
		EF1A7D7527975898002F52B6 /* Resources */ = {
			isa = PBXResourcesBuildPhase;
			buildActionMask = 2147483647;
			files = (
				EF1A7D872797589B002F52B6 /* LaunchScreen.storyboard in Resources */,
				EF1A7D842797589B002F52B6 /* Assets.xcassets in Resources */,
				EF1A7D8227975898002F52B6 /* Main.storyboard in Resources */,
			);
			runOnlyForDeploymentPostprocessing = 0;
		};
/* End PBXResourcesBuildPhase section */

/* Begin PBXShellScriptBuildPhase section */
		DC10643E820301AF2CCEF6A4 /* [CP] Embed Pods Frameworks */ = {
			isa = PBXShellScriptBuildPhase;
			buildActionMask = 2147483647;
			files = (
			);
			inputFileListPaths = (
				"${PODS_ROOT}/Target Support Files/Pods-Todoeasy/Pods-Todoeasy-frameworks-${CONFIGURATION}-input-files.xcfilelist",
			);
			name = "[CP] Embed Pods Frameworks";
			outputFileListPaths = (
				"${PODS_ROOT}/Target Support Files/Pods-Todoeasy/Pods-Todoeasy-frameworks-${CONFIGURATION}-output-files.xcfilelist",
			);
			runOnlyForDeploymentPostprocessing = 0;
			shellPath = /bin/sh;
			shellScript = "\"${PODS_ROOT}/Target Support Files/Pods-Todoeasy/Pods-Todoeasy-frameworks.sh\"\n";
			showEnvVarsInLog = 0;
		};
		DC3336ABED6B2E488D95788A /* [CP] Check Pods Manifest.lock */ = {
			isa = PBXShellScriptBuildPhase;
			buildActionMask = 2147483647;
			files = (
			);
			inputFileListPaths = (
			);
			inputPaths = (
				"${PODS_PODFILE_DIR_PATH}/Podfile.lock",
				"${PODS_ROOT}/Manifest.lock",
			);
			name = "[CP] Check Pods Manifest.lock";
			outputFileListPaths = (
			);
			outputPaths = (
				"$(DERIVED_FILE_DIR)/Pods-Todoeasy-checkManifestLockResult.txt",
			);
			runOnlyForDeploymentPostprocessing = 0;
			shellPath = /bin/sh;
			shellScript = "diff \"${PODS_PODFILE_DIR_PATH}/Podfile.lock\" \"${PODS_ROOT}/Manifest.lock\" > /dev/null\nif [ $? != 0 ] ; then\n    # print error to STDERR\n    echo \"error: The sandbox is not in sync with the Podfile.lock. Run 'pod install' or update your CocoaPods installation.\" >&2\n    exit 1\nfi\n# This output is used by Xcode 'outputs' to avoid re-running this script phase.\necho \"SUCCESS\" > \"${SCRIPT_OUTPUT_FILE_0}\"\n";
			showEnvVarsInLog = 0;
		};
/* End PBXShellScriptBuildPhase section */

/* Begin PBXSourcesBuildPhase section */
		EF1A7D7327975898002F52B6 /* Sources */ = {
			isa = PBXSourcesBuildPhase;
			buildActionMask = 2147483647;
			files = (
				EF4F12A727C0237300AA55CA /* Item.swift in Sources */,
				EF1A7D7F27975898002F52B6 /* TodoListViewController.swift in Sources */,
				EF1A7D7B27975898002F52B6 /* AppDelegate.swift in Sources */,
				EF1A7D7D27975898002F52B6 /* SceneDelegate.swift in Sources */,
				EF4F12B027C0400600AA55CA /* CategoryViewController.swift in Sources */,
				EF4F12AE27C031D900AA55CA /* Category.swift in Sources */,
			);
			runOnlyForDeploymentPostprocessing = 0;
		};
/* End PBXSourcesBuildPhase section */

/* Begin PBXVariantGroup section */
		EF1A7D8027975898002F52B6 /* Main.storyboard */ = {
			isa = PBXVariantGroup;
			children = (
				EF1A7D8127975898002F52B6 /* Base */,
			);
			name = Main.storyboard;
			sourceTree = "<group>";
		};
		EF1A7D852797589B002F52B6 /* LaunchScreen.storyboard */ = {
			isa = PBXVariantGroup;
			children = (
				EF1A7D862797589B002F52B6 /* Base */,
			);
			name = LaunchScreen.storyboard;
			sourceTree = "<group>";
		};
/* End PBXVariantGroup section */

/* Begin XCBuildConfiguration section */
		EF1A7D892797589B002F52B6 /* Debug */ = {
			isa = XCBuildConfiguration;
			buildSettings = {
				ALWAYS_SEARCH_USER_PATHS = NO;
				CLANG_ANALYZER_NONNULL = YES;
				CLANG_ANALYZER_NUMBER_OBJECT_CONVERSION = YES_AGGRESSIVE;
				CLANG_CXX_LANGUAGE_STANDARD = "gnu++14";
				CLANG_CXX_LIBRARY = "libc++";
				CLANG_ENABLE_MODULES = YES;
				CLANG_ENABLE_OBJC_ARC = YES;
				CLANG_ENABLE_OBJC_WEAK = YES;
				CLANG_WARN_BLOCK_CAPTURE_AUTORELEASING = YES;
				CLANG_WARN_BOOL_CONVERSION = YES;
				CLANG_WARN_COMMA = YES;
				CLANG_WARN_CONSTANT_CONVERSION = YES;
				CLANG_WARN_DEPRECATED_OBJC_IMPLEMENTATIONS = YES;
				CLANG_WARN_DIRECT_OBJC_ISA_USAGE = YES_ERROR;
				CLANG_WARN_DOCUMENTATION_COMMENTS = YES;
				CLANG_WARN_EMPTY_BODY = YES;
				CLANG_WARN_ENUM_CONVERSION = YES;
				CLANG_WARN_INFINITE_RECURSION = YES;
				CLANG_WARN_INT_CONVERSION = YES;
				CLANG_WARN_NON_LITERAL_NULL_CONVERSION = YES;
				CLANG_WARN_OBJC_IMPLICIT_RETAIN_SELF = YES;
				CLANG_WARN_OBJC_LITERAL_CONVERSION = YES;
				CLANG_WARN_OBJC_ROOT_CLASS = YES_ERROR;
				CLANG_WARN_QUOTED_INCLUDE_IN_FRAMEWORK_HEADER = YES;
				CLANG_WARN_RANGE_LOOP_ANALYSIS = YES;
				CLANG_WARN_STRICT_PROTOTYPES = YES;
				CLANG_WARN_SUSPICIOUS_MOVE = YES;
				CLANG_WARN_UNGUARDED_AVAILABILITY = YES_AGGRESSIVE;
				CLANG_WARN_UNREACHABLE_CODE = YES;
				CLANG_WARN__DUPLICATE_METHOD_MATCH = YES;
				COPY_PHASE_STRIP = NO;
				DEBUG_INFORMATION_FORMAT = dwarf;
				ENABLE_STRICT_OBJC_MSGSEND = YES;
				ENABLE_TESTABILITY = YES;
				GCC_C_LANGUAGE_STANDARD = gnu11;
				GCC_DYNAMIC_NO_PIC = NO;
				GCC_NO_COMMON_BLOCKS = YES;
				GCC_OPTIMIZATION_LEVEL = 0;
				GCC_PREPROCESSOR_DEFINITIONS = (
					"DEBUG=1",
					"$(inherited)",
				);
				GCC_WARN_64_TO_32_BIT_CONVERSION = YES;
				GCC_WARN_ABOUT_RETURN_TYPE = YES_ERROR;
				GCC_WARN_UNDECLARED_SELECTOR = YES;
				GCC_WARN_UNINITIALIZED_AUTOS = YES_AGGRESSIVE;
				GCC_WARN_UNUSED_FUNCTION = YES;
				GCC_WARN_UNUSED_VARIABLE = YES;
				IPHONEOS_DEPLOYMENT_TARGET = 14.5;
				MTL_ENABLE_DEBUG_INFO = INCLUDE_SOURCE;
				MTL_FAST_MATH = YES;
				ONLY_ACTIVE_ARCH = YES;
				SDKROOT = iphoneos;
				SWIFT_ACTIVE_COMPILATION_CONDITIONS = DEBUG;
				SWIFT_OPTIMIZATION_LEVEL = "-Onone";
			};
			name = Debug;
		};
		EF1A7D8A2797589B002F52B6 /* Release */ = {
			isa = XCBuildConfiguration;
			buildSettings = {
				ALWAYS_SEARCH_USER_PATHS = NO;
				CLANG_ANALYZER_NONNULL = YES;
				CLANG_ANALYZER_NUMBER_OBJECT_CONVERSION = YES_AGGRESSIVE;
				CLANG_CXX_LANGUAGE_STANDARD = "gnu++14";
				CLANG_CXX_LIBRARY = "libc++";
				CLANG_ENABLE_MODULES = YES;
				CLANG_ENABLE_OBJC_ARC = YES;
				CLANG_ENABLE_OBJC_WEAK = YES;
				CLANG_WARN_BLOCK_CAPTURE_AUTORELEASING = YES;
				CLANG_WARN_BOOL_CONVERSION = YES;
				CLANG_WARN_COMMA = YES;
				CLANG_WARN_CONSTANT_CONVERSION = YES;
				CLANG_WARN_DEPRECATED_OBJC_IMPLEMENTATIONS = YES;
				CLANG_WARN_DIRECT_OBJC_ISA_USAGE = YES_ERROR;
				CLANG_WARN_DOCUMENTATION_COMMENTS = YES;
				CLANG_WARN_EMPTY_BODY = YES;
				CLANG_WARN_ENUM_CONVERSION = YES;
				CLANG_WARN_INFINITE_RECURSION = YES;
				CLANG_WARN_INT_CONVERSION = YES;
				CLANG_WARN_NON_LITERAL_NULL_CONVERSION = YES;
				CLANG_WARN_OBJC_IMPLICIT_RETAIN_SELF = YES;
				CLANG_WARN_OBJC_LITERAL_CONVERSION = YES;
				CLANG_WARN_OBJC_ROOT_CLASS = YES_ERROR;
				CLANG_WARN_QUOTED_INCLUDE_IN_FRAMEWORK_HEADER = YES;
				CLANG_WARN_RANGE_LOOP_ANALYSIS = YES;
				CLANG_WARN_STRICT_PROTOTYPES = YES;
				CLANG_WARN_SUSPICIOUS_MOVE = YES;
				CLANG_WARN_UNGUARDED_AVAILABILITY = YES_AGGRESSIVE;
				CLANG_WARN_UNREACHABLE_CODE = YES;
				CLANG_WARN__DUPLICATE_METHOD_MATCH = YES;
				COPY_PHASE_STRIP = NO;
				DEBUG_INFORMATION_FORMAT = "dwarf-with-dsym";
				ENABLE_NS_ASSERTIONS = NO;
				ENABLE_STRICT_OBJC_MSGSEND = YES;
				GCC_C_LANGUAGE_STANDARD = gnu11;
				GCC_NO_COMMON_BLOCKS = YES;
				GCC_WARN_64_TO_32_BIT_CONVERSION = YES;
				GCC_WARN_ABOUT_RETURN_TYPE = YES_ERROR;
				GCC_WARN_UNDECLARED_SELECTOR = YES;
				GCC_WARN_UNINITIALIZED_AUTOS = YES_AGGRESSIVE;
				GCC_WARN_UNUSED_FUNCTION = YES;
				GCC_WARN_UNUSED_VARIABLE = YES;
				IPHONEOS_DEPLOYMENT_TARGET = 14.5;
				MTL_ENABLE_DEBUG_INFO = NO;
				MTL_FAST_MATH = YES;
				SDKROOT = iphoneos;
				SWIFT_COMPILATION_MODE = wholemodule;
				SWIFT_OPTIMIZATION_LEVEL = "-O";
				VALIDATE_PRODUCT = YES;
			};
			name = Release;
		};
		EF1A7D8C2797589B002F52B6 /* Debug */ = {
			isa = XCBuildConfiguration;
			baseConfigurationReference = AB86D95A8ED5A1A19CAD3D46 /* Pods-Todoeasy.debug.xcconfig */;
			buildSettings = {
				ASSETCATALOG_COMPILER_APPICON_NAME = AppIcon;
				ASSETCATALOG_COMPILER_GLOBAL_ACCENT_COLOR_NAME = AccentColor;
				CODE_SIGN_STYLE = Automatic;
				DEVELOPMENT_TEAM = "";
				INFOPLIST_FILE = Todoeasy/Info.plist;
				LD_RUNPATH_SEARCH_PATHS = (
					"$(inherited)",
					"@executable_path/Frameworks",
				);
				PRODUCT_BUNDLE_IDENTIFIER = com.brenovasconcellos.Todoeasy;
				PRODUCT_NAME = "$(TARGET_NAME)";
				SWIFT_VERSION = 5.0;
				TARGETED_DEVICE_FAMILY = "1,2";
			};
			name = Debug;
		};
		EF1A7D8D2797589B002F52B6 /* Release */ = {
			isa = XCBuildConfiguration;
			baseConfigurationReference = AB45BF07ACE835E6928ACF07 /* Pods-Todoeasy.release.xcconfig */;
			buildSettings = {
				ASSETCATALOG_COMPILER_APPICON_NAME = AppIcon;
				ASSETCATALOG_COMPILER_GLOBAL_ACCENT_COLOR_NAME = AccentColor;
				CODE_SIGN_STYLE = Automatic;
				DEVELOPMENT_TEAM = "";
				INFOPLIST_FILE = Todoeasy/Info.plist;
				LD_RUNPATH_SEARCH_PATHS = (
					"$(inherited)",
					"@executable_path/Frameworks",
				);
				PRODUCT_BUNDLE_IDENTIFIER = com.brenovasconcellos.Todoeasy;
				PRODUCT_NAME = "$(TARGET_NAME)";
				SWIFT_VERSION = 5.0;
				TARGETED_DEVICE_FAMILY = "1,2";
			};
			name = Release;
		};
/* End XCBuildConfiguration section */

/* Begin XCConfigurationList section */
		EF1A7D7227975898002F52B6 /* Build configuration list for PBXProject "Todoeasy" */ = {
			isa = XCConfigurationList;
			buildConfigurations = (
				EF1A7D892797589B002F52B6 /* Debug */,
				EF1A7D8A2797589B002F52B6 /* Release */,
			);
			defaultConfigurationIsVisible = 0;
			defaultConfigurationName = Release;
		};
		EF1A7D8B2797589B002F52B6 /* Build configuration list for PBXNativeTarget "Todoeasy" */ = {
			isa = XCConfigurationList;
			buildConfigurations = (
				EF1A7D8C2797589B002F52B6 /* Debug */,
				EF1A7D8D2797589B002F52B6 /* Release */,
			);
			defaultConfigurationIsVisible = 0;
			defaultConfigurationName = Release;
		};
/* End XCConfigurationList section */
	};
	rootObject = EF1A7D6F27975898002F52B6 /* Project object */;
}
